
Microsoft Visual Studio Solution File, Format Version 12.00
# Visual Studio Version 17
VisualStudioVersion = 17.9.34622.214
MinimumVisualStudioVersion = 10.0.40219.1
Project("{FAE04EC0-301F-11D3-BF4B-00C04F79EFBC}") = "GraphicsProgrammingTask4(.Net Framework)", "GraphicsProgrammingTask4(.Net Framework).csproj", "{C8177947-A683-4892-8F0F-03155D0BD5C5}"
EndProject
Global
	GlobalSection(SolutionConfigurationPlatforms) = preSolution
		Debug|Any CPU = Debug|Any CPU
		Release|Any CPU = Release|Any CPU
	EndGlobalSection
	GlobalSection(ProjectConfigurationPlatforms) = postSolution
		{C8177947-A683-4892-8F0F-03155D0BD5C5}.Debug|Any CPU.ActiveCfg = Debug|Any CPU
		{C8177947-A683-4892-8F0F-03155D0BD5C5}.Debug|Any CPU.Build.0 = Debug|Any CPU
		{C8177947-A683-4892-8F0F-03155D0BD5C5}.Release|Any CPU.ActiveCfg = Release|Any CPU
		{C8177947-A683-4892-8F0F-03155D0BD5C5}.Release|Any CPU.Build.0 = Release|Any CPU
	EndGlobalSection
	GlobalSection(SolutionProperties) = preSolution
		HideSolutionNode = FALSE
	EndGlobalSection
	GlobalSection(ExtensibilityGlobals) = postSolution
		SolutionGuid = {63246292-2175-46E2-804C-BB9884A52B0A}
	EndGlobalSection
EndGlobal
